
Microsoft Visual Studio Solution File, Format Version 12.00
# Visual Studio Version 17
VisualStudioVersion = 17.6.33723.286
MinimumVisualStudioVersion = 10.0.40219.1
Project("{FAE04EC0-301F-11D3-BF4B-00C04F79EFBC}") = "GenCollections", "GenCollections\GenCollections.csproj", "{65C685BA-2FD4-4A1A-8FEE-99E2053D588D}"
EndProject
Global
	GlobalSection(SolutionConfigurationPlatforms) = preSolution
		Debug|Any CPU = Debug|Any CPU
		Release|Any CPU = Release|Any CPU
	EndGlobalSection
	GlobalSection(ProjectConfigurationPlatforms) = postSolution
		{65C685BA-2FD4-4A1A-8FEE-99E2053D588D}.Debug|Any CPU.ActiveCfg = Debug|Any CPU
		{65C685BA-2FD4-4A1A-8FEE-99E2053D588D}.Debug|Any CPU.Build.0 = Debug|Any CPU
		{65C685BA-2FD4-4A1A-8FEE-99E2053D588D}.Release|Any CPU.ActiveCfg = Release|Any CPU
		{65C685BA-2FD4-4A1A-8FEE-99E2053D588D}.Release|Any CPU.Build.0 = Release|Any CPU
	EndGlobalSection
	GlobalSection(SolutionProperties) = preSolution
		HideSolutionNode = FALSE
	EndGlobalSection
	GlobalSection(ExtensibilityGlobals) = postSolution
		SolutionGuid = {6D2DFBD0-B0EE-43B1-BE7E-EBF182022510}
	EndGlobalSection
EndGlobal
